
Microsoft Visual Studio Solution File, Format Version 12.00
# Visual Studio Version 17
VisualStudioVersion = 17.11.35327.3
MinimumVisualStudioVersion = 10.0.40219.1
Project("{2150E333-8FDC-42A3-9474-1A3956D46DE8}") = "Services", "Services", "{F987A3EE-EFE1-4898-B0B9-1761FCA465E0}"
EndProject
Project("{2150E333-8FDC-42A3-9474-1A3956D46DE8}") = "Patient", "Patient", "{08DC58EC-E5AE-41B2-AB88-3398F752A382}"
EndProject
Project("{9A19103F-16F7-4668-BE54-9A1E7A4F7556}") = "Hospital.Patient", "Services\Patient\Hospital.Patient\Hospital.Patient.csproj", "{4A0CA57A-EE60-47D7-A958-4673273BF0CF}"
EndProject
Project("{2150E333-8FDC-42A3-9474-1A3956D46DE8}") = "Solution Items", "Solution Items", "{4BFA51A7-C2E4-48B2-B65A-306221EB76F0}"
	ProjectSection(SolutionItems) = preProject
		TextFile1.txt = TextFile1.txt
	EndProjectSection
EndProject
Project("{2150E333-8FDC-42A3-9474-1A3956D46DE8}") = "Employee", "Employee", "{A4FAEBC6-C5E6-4B0C-88CB-AE0299AA11BF}"
EndProject
Project("{FAE04EC0-301F-11D3-BF4B-00C04F79EFBC}") = "Hospital.Employee", "Services\Employee\Hospital.Employee\Hospital.Employee.csproj", "{BCD65C2B-0329-4DDB-9DC5-8BB52F1D09D5}"
EndProject
Global
	GlobalSection(SolutionConfigurationPlatforms) = preSolution
		Debug|Any CPU = Debug|Any CPU
		Release|Any CPU = Release|Any CPU
	EndGlobalSection
	GlobalSection(ProjectConfigurationPlatforms) = postSolution
		{4A0CA57A-EE60-47D7-A958-4673273BF0CF}.Debug|Any CPU.ActiveCfg = Debug|Any CPU
		{4A0CA57A-EE60-47D7-A958-4673273BF0CF}.Debug|Any CPU.Build.0 = Debug|Any CPU
		{4A0CA57A-EE60-47D7-A958-4673273BF0CF}.Release|Any CPU.ActiveCfg = Release|Any CPU
		{4A0CA57A-EE60-47D7-A958-4673273BF0CF}.Release|Any CPU.Build.0 = Release|Any CPU
		{BCD65C2B-0329-4DDB-9DC5-8BB52F1D09D5}.Debug|Any CPU.ActiveCfg = Debug|Any CPU
		{BCD65C2B-0329-4DDB-9DC5-8BB52F1D09D5}.Debug|Any CPU.Build.0 = Debug|Any CPU
		{BCD65C2B-0329-4DDB-9DC5-8BB52F1D09D5}.Release|Any CPU.ActiveCfg = Release|Any CPU
		{BCD65C2B-0329-4DDB-9DC5-8BB52F1D09D5}.Release|Any CPU.Build.0 = Release|Any CPU
	EndGlobalSection
	GlobalSection(SolutionProperties) = preSolution
		HideSolutionNode = FALSE
	EndGlobalSection
	GlobalSection(NestedProjects) = preSolution
		{08DC58EC-E5AE-41B2-AB88-3398F752A382} = {F987A3EE-EFE1-4898-B0B9-1761FCA465E0}
		{4A0CA57A-EE60-47D7-A958-4673273BF0CF} = {08DC58EC-E5AE-41B2-AB88-3398F752A382}
		{A4FAEBC6-C5E6-4B0C-88CB-AE0299AA11BF} = {F987A3EE-EFE1-4898-B0B9-1761FCA465E0}
		{BCD65C2B-0329-4DDB-9DC5-8BB52F1D09D5} = {A4FAEBC6-C5E6-4B0C-88CB-AE0299AA11BF}
	EndGlobalSection
	GlobalSection(ExtensibilityGlobals) = postSolution
		SolutionGuid = {C1C2428C-2888-4D5E-8467-57BC8B741B0A}
	EndGlobalSection
EndGlobal
